<?xml version="1.0" encoding="utf-8"?>
<Project ToolsVersion="4.0" xmlns="http://schemas.microsoft.com/developer/msbuild/2003">
  <ItemGroup>
    <Filter Include="Fichiers sources">
      <UniqueIdentifier>{4FC737F1-C7A5-4376-A066-2A32D752A2FF}</UniqueIdentifier>
      <Extensions>cpp;c;cc;cxx;def;odl;idl;hpj;bat;asm;asmx</Extensions>
    </Filter>
    <Filter Include="Fichiers d%27en-tête">
      <UniqueIdentifier>{93995380-89BD-4b04-88EB-625FBE52EBFB}</UniqueIdentifier>
      <Extensions>h;hh;hpp;hxx;hm;inl;inc;xsd</Extensions>
    </Filter>
    <Filter Include="Fichiers de ressources">
      <UniqueIdentifier>{67DA6AB6-F800-4c08-8B7A-83BB121AAD01}</UniqueIdentifier>
      <Extensions>rc;ico;cur;bmp;dlg;rc2;rct;bin;rgs;gif;jpg;jpeg;jpe;resx;tiff;tif;png;wav;mfcribbon-ms</Extensions>
    </Filter>
    <Filter Include="Fichiers d%27en-tête\Core">
      <UniqueIdentifier>{39f3354b-9344-4e7c-855b-434cfac41887}</UniqueIdentifier>
    </Filter>
    <Filter Include="Fichiers d%27en-tête\OCLibs">
      <UniqueIdentifier>{aa25c232-16aa-43b7-a9bc-3cdface0f74c}</UniqueIdentifier>
    </Filter>
    <Filter Include="Fichiers d%27en-tête\Shared">
      <UniqueIdentifier>{7bedb483-4973-4a3c-bffc-21ffc3f62188}</UniqueIdentifier>
    </Filter>
    <Filter Include="Fichiers sources\Core">
      <UniqueIdentifier>{6d0854cf-2e6b-4a58-82aa-ec0b72a887c2}</UniqueIdentifier>
    </Filter>
    <Filter Include="Fichiers sources\Shared">
      <UniqueIdentifier>{a081b14f-4863-48c8-a129-a56a0b22b81d}</UniqueIdentifier>
    </Filter>
  </ItemGroup>
  <ItemGroup>
    <ClCompile Include="main.cpp">
      <Filter>Fichiers sources</Filter>
    </ClCompile>
    <ClCompile Include="types.cpp">
      <Filter>Fichiers sources\Core</Filter>
    </ClCompile>
    <ClCompile Include="nllclass.cpp">
      <Filter>Fichiers sources\Shared</Filter>
    </ClCompile>
    <ClCompile Include="functions.cpp">
      <Filter>Fichiers sources\Core</Filter>
    </ClCompile>
    <ClCompile Include="parsers.cpp">
      <Filter>Fichiers sources\Core</Filter>
    </ClCompile>
    <ClCompile Include="logger.cpp">
      <Filter>Fichiers sources\Shared</Filter>
    </ClCompile>
  </ItemGroup>
  <ItemGroup>
    <ClInclude Include="functions.h">
      <Filter>Fichiers d%27en-tête\Core</Filter>
    </ClInclude>
    <ClInclude Include="keywords.h">
      <Filter>Fichiers d%27en-tête\Core</Filter>
    </ClInclude>
    <ClInclude Include="nllclass.h">
      <Filter>Fichiers d%27en-tête\OCLibs</Filter>
    </ClInclude>
    <ClInclude Include="tools.h">
      <Filter>Fichiers d%27en-tête\OCLibs</Filter>
    </ClInclude>
    <ClInclude Include="specialvariables.h">
      <Filter>Fichiers d%27en-tête\Core</Filter>
    </ClInclude>
    <ClInclude Include="types.h">
      <Filter>Fichiers d%27en-tête\Core</Filter>
    </ClInclude>
    <ClInclude Include="variables.h">
      <Filter>Fichiers d%27en-tête\Core</Filter>
    </ClInclude>
    <ClInclude Include="global.h">
      <Filter>Fichiers d%27en-tête\Shared</Filter>
    </ClInclude>
    <ClInclude Include="oclib.h">
      <Filter>Fichiers d%27en-tête\OCLibs</Filter>
    </ClInclude>
    <ClInclude Include="fwd.h">
      <Filter>Fichiers d%27en-tête\Shared</Filter>
    </ClInclude>
    <ClInclude Include="operators.h">
      <Filter>Fichiers d%27en-tête\Core</Filter>
    </ClInclude>
    <ClInclude Include="instance.h">
      <Filter>Fichiers d%27en-tête\Core</Filter>
    </ClInclude>
    <ClInclude Include="attributes.h">
      <Filter>Fichiers d%27en-tête\Core</Filter>
    </ClInclude>
    <ClInclude Include="namespaces.h">
      <Filter>Fichiers d%27en-tête\Core</Filter>
    </ClInclude>
    <ClInclude Include="parsers.h">
      <Filter>Fichiers d%27en-tête\Core</Filter>
    </ClInclude>
    <ClInclude Include="logger.h">
      <Filter>Fichiers d%27en-tête\Shared</Filter>
    </ClInclude>
    <ClInclude Include="file.h">
      <Filter>Fichiers d%27en-tête\Core</Filter>
    </ClInclude>
    <ClInclude Include="compiler.h">
      <Filter>Fichiers d%27en-tête\Core</Filter>
    </ClInclude>
    <ClInclude Include="errors.h">
      <Filter>Fichiers d%27en-tête\Core</Filter>
    </ClInclude>
  </ItemGroup>
  <ItemGroup>
    <None Include="packages.config" />
  </ItemGroup>
</Project>